
Microsoft Visual Studio Solution File, Format Version 12.00
# Visual Studio Version 17
VisualStudioVersion = 17.1.32210.238
MinimumVisualStudioVersion = 10.0.40219.1
Project("{9A19103F-16F7-4668-BE54-9A1E7A4F7556}") = "Telemetria", "Telemetria\Telemetria.csproj", "{15F01879-739E-471E-89E1-0E66C34BD745}"
EndProject
Project("{9A19103F-16F7-4668-BE54-9A1E7A4F7556}") = "Languages", "Languages\Languages.csproj", "{F0EE9AEE-EA74-433D-9BBE-7BC0C0983444}"
EndProject
Project("{FAE04EC0-301F-11D3-BF4B-00C04F79EFBC}") = "DPSOsTelemetria2", "DPSOsTelemetria2\DPSOsTelemetria2.csproj", "{1C0CC814-6227-46EC-B44C-AD8EC8D05FAD}"
EndProject
Global
	GlobalSection(SolutionConfigurationPlatforms) = preSolution
		Debug|Any CPU = Debug|Any CPU
		Release|Any CPU = Release|Any CPU
	EndGlobalSection
	GlobalSection(ProjectConfigurationPlatforms) = postSolution
		{15F01879-739E-471E-89E1-0E66C34BD745}.Debug|Any CPU.ActiveCfg = Debug|Any CPU
		{15F01879-739E-471E-89E1-0E66C34BD745}.Debug|Any CPU.Build.0 = Debug|Any CPU
		{15F01879-739E-471E-89E1-0E66C34BD745}.Release|Any CPU.ActiveCfg = Release|Any CPU
		{15F01879-739E-471E-89E1-0E66C34BD745}.Release|Any CPU.Build.0 = Release|Any CPU
		{F0EE9AEE-EA74-433D-9BBE-7BC0C0983444}.Debug|Any CPU.ActiveCfg = Debug|Any CPU
		{F0EE9AEE-EA74-433D-9BBE-7BC0C0983444}.Debug|Any CPU.Build.0 = Debug|Any CPU
		{F0EE9AEE-EA74-433D-9BBE-7BC0C0983444}.Release|Any CPU.ActiveCfg = Release|Any CPU
		{F0EE9AEE-EA74-433D-9BBE-7BC0C0983444}.Release|Any CPU.Build.0 = Release|Any CPU
		{1C0CC814-6227-46EC-B44C-AD8EC8D05FAD}.Debug|Any CPU.ActiveCfg = Debug|Any CPU
		{1C0CC814-6227-46EC-B44C-AD8EC8D05FAD}.Debug|Any CPU.Build.0 = Debug|Any CPU
		{1C0CC814-6227-46EC-B44C-AD8EC8D05FAD}.Release|Any CPU.ActiveCfg = Release|Any CPU
		{1C0CC814-6227-46EC-B44C-AD8EC8D05FAD}.Release|Any CPU.Build.0 = Release|Any CPU
	EndGlobalSection
	GlobalSection(SolutionProperties) = preSolution
		HideSolutionNode = FALSE
	EndGlobalSection
	GlobalSection(ExtensibilityGlobals) = postSolution
		SolutionGuid = {ADD6BD46-F295-4E92-8993-CFF3C9520913}
	EndGlobalSection
EndGlobal
